{
  "object": {
    "pins": [
      {
        "package": "SDL",
        "repositoryURL": "git@github.com:ARPGLTD/SDL.git",
        "state": {
          "branch": "SwiftPackage",
          "revision": "b3014ccea6147a4d2243401be6d8225a1e0dac76",
          "version": null
        }
      }
    ]
  },
  "version": 1
}
