{
  "object": {
    "pins": [
      {
        "package": "SDL",
        "repositoryURL": "git@github.com:ARPGLTD/SDL.git",
        "state": {
          "branch": "SwiftPackage",
          "revision": "d503d009c48504f98c026e87831391dd32fe00ad",
          "version": null
        }
      }
    ]
  },
  "version": 1
}
